
Microsoft Visual Studio Solution File, Format Version 12.00
# Visual Studio Version 16
VisualStudioVersion = 16.0.30413.136
MinimumVisualStudioVersion = 10.0.40219.1
Project("{FAE04EC0-301F-11D3-BF4B-00C04F79EFBC}") = "LogitPe20-week12", "LogitPe20-week12\LogitPe20-week12.csproj", "{A57C941B-4531-4459-B9C6-2EFE079644DD}"
EndProject
Global
	GlobalSection(SolutionConfigurationPlatforms) = preSolution
		Debug|Any CPU = Debug|Any CPU
		Release|Any CPU = Release|Any CPU
	EndGlobalSection
	GlobalSection(ProjectConfigurationPlatforms) = postSolution
		{A57C941B-4531-4459-B9C6-2EFE079644DD}.Debug|Any CPU.ActiveCfg = Debug|Any CPU
		{A57C941B-4531-4459-B9C6-2EFE079644DD}.Debug|Any CPU.Build.0 = Debug|Any CPU
		{A57C941B-4531-4459-B9C6-2EFE079644DD}.Release|Any CPU.ActiveCfg = Release|Any CPU
		{A57C941B-4531-4459-B9C6-2EFE079644DD}.Release|Any CPU.Build.0 = Release|Any CPU
	EndGlobalSection
	GlobalSection(SolutionProperties) = preSolution
		HideSolutionNode = FALSE
	EndGlobalSection
	GlobalSection(ExtensibilityGlobals) = postSolution
		SolutionGuid = {C4F40F28-BB20-47D4-9941-8E50011D11C9}
	EndGlobalSection
EndGlobal
